
Microsoft Visual Studio Solution File, Format Version 12.00
# Visual Studio Version 16
VisualStudioVersion = 16.0.33529.622
MinimumVisualStudioVersion = 10.0.40219.1
Project("{9A19103F-16F7-4668-BE54-9A1E7A4F7556}") = "Odevler", "Odevler\Odevler.csproj", "{37AAA25F-3F2C-415E-9019-AB840832F47A}"
EndProject
Project("{9A19103F-16F7-4668-BE54-9A1E7A4F7556}") = "ReferenceTypes", "ReferenceTypes\ReferenceTypes.csproj", "{A4593669-160B-4E48-BBBA-8BD676F97FED}"
EndProject
Project("{9A19103F-16F7-4668-BE54-9A1E7A4F7556}") = "Constructor", "Constructor\Constructor.csproj", "{6951147F-DF10-4422-8BA6-8650DBDF4F4A}"
EndProject
Project("{9A19103F-16F7-4668-BE54-9A1E7A4F7556}") = "Generics", "Generics\Generics.csproj", "{6FAF0B2E-7A80-42E7-BADE-A7578EF58471}"
EndProject
Project("{9A19103F-16F7-4668-BE54-9A1E7A4F7556}") = "MyDictionary", "MyDictionary\MyDictionary.csproj", "{26E968EA-0429-4F01-9B8D-662ABA5A0D85}"
EndProject
Project("{FAE04EC0-301F-11D3-BF4B-00C04F79EFBC}") = "Classes", "Classes\Classes.csproj", "{45D205A5-595E-4980-9733-F8E9F0AEED7E}"
EndProject
Project("{FAE04EC0-301F-11D3-BF4B-00C04F79EFBC}") = "RecapDemo1", "RecapDemo1\RecapDemo1.csproj", "{AD996BF7-A0EE-4DA7-A286-D490739798F7}"
EndProject
Project("{FAE04EC0-301F-11D3-BF4B-00C04F79EFBC}") = "Interface", "Interface\Interface.csproj", "{EC561633-FDE1-45DC-9FD5-94AF81A749D9}"
EndProject
Project("{FAE04EC0-301F-11D3-BF4B-00C04F79EFBC}") = "InterfacesDemo", "InterfacesDemo\InterfacesDemo.csproj", "{0BBFECFE-B079-452E-9C8C-6EE3DFFC72A9}"
EndProject
Project("{FAE04EC0-301F-11D3-BF4B-00C04F79EFBC}") = "Inheritance", "Inheritance\Inheritance.csproj", "{3AC44B83-28E0-4620-8858-0FD8A645A559}"
EndProject
Project("{9A19103F-16F7-4668-BE54-9A1E7A4F7556}") = "InterfacesDemo2", "InterfacesDemo2\InterfacesDemo2.csproj", "{D5DCBF06-F81F-4084-883B-19DB964E229B}"
EndProject
Project("{FAE04EC0-301F-11D3-BF4B-00C04F79EFBC}") = "GameProject", "GameProject\GameProject.csproj", "{4199C627-0058-4E66-992A-679BD2CC2DA4}"
EndProject
Global
	GlobalSection(SolutionConfigurationPlatforms) = preSolution
		Debug|Any CPU = Debug|Any CPU
		Release|Any CPU = Release|Any CPU
	EndGlobalSection
	GlobalSection(ProjectConfigurationPlatforms) = postSolution
		{37AAA25F-3F2C-415E-9019-AB840832F47A}.Debug|Any CPU.ActiveCfg = Debug|Any CPU
		{37AAA25F-3F2C-415E-9019-AB840832F47A}.Debug|Any CPU.Build.0 = Debug|Any CPU
		{37AAA25F-3F2C-415E-9019-AB840832F47A}.Release|Any CPU.ActiveCfg = Release|Any CPU
		{37AAA25F-3F2C-415E-9019-AB840832F47A}.Release|Any CPU.Build.0 = Release|Any CPU
		{A4593669-160B-4E48-BBBA-8BD676F97FED}.Debug|Any CPU.ActiveCfg = Debug|Any CPU
		{A4593669-160B-4E48-BBBA-8BD676F97FED}.Debug|Any CPU.Build.0 = Debug|Any CPU
		{A4593669-160B-4E48-BBBA-8BD676F97FED}.Release|Any CPU.ActiveCfg = Release|Any CPU
		{A4593669-160B-4E48-BBBA-8BD676F97FED}.Release|Any CPU.Build.0 = Release|Any CPU
		{6951147F-DF10-4422-8BA6-8650DBDF4F4A}.Debug|Any CPU.ActiveCfg = Debug|Any CPU
		{6951147F-DF10-4422-8BA6-8650DBDF4F4A}.Debug|Any CPU.Build.0 = Debug|Any CPU
		{6951147F-DF10-4422-8BA6-8650DBDF4F4A}.Release|Any CPU.ActiveCfg = Release|Any CPU
		{6951147F-DF10-4422-8BA6-8650DBDF4F4A}.Release|Any CPU.Build.0 = Release|Any CPU
		{6FAF0B2E-7A80-42E7-BADE-A7578EF58471}.Debug|Any CPU.ActiveCfg = Debug|Any CPU
		{6FAF0B2E-7A80-42E7-BADE-A7578EF58471}.Debug|Any CPU.Build.0 = Debug|Any CPU
		{6FAF0B2E-7A80-42E7-BADE-A7578EF58471}.Release|Any CPU.ActiveCfg = Release|Any CPU
		{6FAF0B2E-7A80-42E7-BADE-A7578EF58471}.Release|Any CPU.Build.0 = Release|Any CPU
		{26E968EA-0429-4F01-9B8D-662ABA5A0D85}.Debug|Any CPU.ActiveCfg = Debug|Any CPU
		{26E968EA-0429-4F01-9B8D-662ABA5A0D85}.Debug|Any CPU.Build.0 = Debug|Any CPU
		{26E968EA-0429-4F01-9B8D-662ABA5A0D85}.Release|Any CPU.ActiveCfg = Release|Any CPU
		{26E968EA-0429-4F01-9B8D-662ABA5A0D85}.Release|Any CPU.Build.0 = Release|Any CPU
		{45D205A5-595E-4980-9733-F8E9F0AEED7E}.Debug|Any CPU.ActiveCfg = Debug|Any CPU
		{45D205A5-595E-4980-9733-F8E9F0AEED7E}.Debug|Any CPU.Build.0 = Debug|Any CPU
		{45D205A5-595E-4980-9733-F8E9F0AEED7E}.Release|Any CPU.ActiveCfg = Release|Any CPU
		{45D205A5-595E-4980-9733-F8E9F0AEED7E}.Release|Any CPU.Build.0 = Release|Any CPU
		{AD996BF7-A0EE-4DA7-A286-D490739798F7}.Debug|Any CPU.ActiveCfg = Debug|Any CPU
		{AD996BF7-A0EE-4DA7-A286-D490739798F7}.Debug|Any CPU.Build.0 = Debug|Any CPU
		{AD996BF7-A0EE-4DA7-A286-D490739798F7}.Release|Any CPU.ActiveCfg = Release|Any CPU
		{AD996BF7-A0EE-4DA7-A286-D490739798F7}.Release|Any CPU.Build.0 = Release|Any CPU
		{EC561633-FDE1-45DC-9FD5-94AF81A749D9}.Debug|Any CPU.ActiveCfg = Debug|Any CPU
		{EC561633-FDE1-45DC-9FD5-94AF81A749D9}.Debug|Any CPU.Build.0 = Debug|Any CPU
		{EC561633-FDE1-45DC-9FD5-94AF81A749D9}.Release|Any CPU.ActiveCfg = Release|Any CPU
		{EC561633-FDE1-45DC-9FD5-94AF81A749D9}.Release|Any CPU.Build.0 = Release|Any CPU
		{0BBFECFE-B079-452E-9C8C-6EE3DFFC72A9}.Debug|Any CPU.ActiveCfg = Debug|Any CPU
		{0BBFECFE-B079-452E-9C8C-6EE3DFFC72A9}.Debug|Any CPU.Build.0 = Debug|Any CPU
		{0BBFECFE-B079-452E-9C8C-6EE3DFFC72A9}.Release|Any CPU.ActiveCfg = Release|Any CPU
		{0BBFECFE-B079-452E-9C8C-6EE3DFFC72A9}.Release|Any CPU.Build.0 = Release|Any CPU
		{3AC44B83-28E0-4620-8858-0FD8A645A559}.Debug|Any CPU.ActiveCfg = Debug|Any CPU
		{3AC44B83-28E0-4620-8858-0FD8A645A559}.Debug|Any CPU.Build.0 = Debug|Any CPU
		{3AC44B83-28E0-4620-8858-0FD8A645A559}.Release|Any CPU.ActiveCfg = Release|Any CPU
		{3AC44B83-28E0-4620-8858-0FD8A645A559}.Release|Any CPU.Build.0 = Release|Any CPU
		{D5DCBF06-F81F-4084-883B-19DB964E229B}.Debug|Any CPU.ActiveCfg = Debug|Any CPU
		{D5DCBF06-F81F-4084-883B-19DB964E229B}.Debug|Any CPU.Build.0 = Debug|Any CPU
		{D5DCBF06-F81F-4084-883B-19DB964E229B}.Release|Any CPU.ActiveCfg = Release|Any CPU
		{D5DCBF06-F81F-4084-883B-19DB964E229B}.Release|Any CPU.Build.0 = Release|Any CPU
		{4199C627-0058-4E66-992A-679BD2CC2DA4}.Debug|Any CPU.ActiveCfg = Debug|Any CPU
		{4199C627-0058-4E66-992A-679BD2CC2DA4}.Debug|Any CPU.Build.0 = Debug|Any CPU
		{4199C627-0058-4E66-992A-679BD2CC2DA4}.Release|Any CPU.ActiveCfg = Release|Any CPU
		{4199C627-0058-4E66-992A-679BD2CC2DA4}.Release|Any CPU.Build.0 = Release|Any CPU
	EndGlobalSection
	GlobalSection(SolutionProperties) = preSolution
		HideSolutionNode = FALSE
	EndGlobalSection
	GlobalSection(ExtensibilityGlobals) = postSolution
		SolutionGuid = {F9893D60-CAC5-4692-80D1-F3788F1315E1}
	EndGlobalSection
EndGlobal
